
Microsoft Visual Studio Solution File, Format Version 12.00
# Visual Studio Version 17
VisualStudioVersion = 17.4.33122.133
MinimumVisualStudioVersion = 10.0.40219.1
Project("{9A19103F-16F7-4668-BE54-9A1E7A4F7556}") = "BedBrigade.Shared", "BedBrigade.Shared\BedBrigade.Shared.csproj", "{E1188810-64AB-4AC1-8583-53B18ED958E7}"
EndProject
Project("{9A19103F-16F7-4668-BE54-9A1E7A4F7556}") = "BedBrigade.Tests", "BedBrigade.Tests\BedBrigade.Tests.csproj", "{2D5A513F-9F65-4B8D-A15B-5201657EE178}"
EndProject
Project("{9A19103F-16F7-4668-BE54-9A1E7A4F7556}") = "BedBrigade.Server", "BedBrigade.Server\BedBrigade.Server.csproj", "{34105862-386F-4430-A32D-6943D8448CA0}"
EndProject
Project("{9A19103F-16F7-4668-BE54-9A1E7A4F7556}") = "BedBrigade.Client", "BedBrigade.Client\BedBrigade.Client.csproj", "{8E373AB8-3429-4DAD-964B-DAF2B377594F}"
EndProject
Project("{2150E333-8FDC-42A3-9474-1A3956D46DE8}") = "Solution Items", "Solution Items", "{D70B2F43-3010-4A84-AF0C-84D94BA2B5D2}"
	ProjectSection(SolutionItems) = preProject
		BlazorServer.md = BlazorServer.md
	EndProjectSection
EndProject
Global
	GlobalSection(SolutionConfigurationPlatforms) = preSolution
		Debug|Any CPU = Debug|Any CPU
		Release|Any CPU = Release|Any CPU
	EndGlobalSection
	GlobalSection(ProjectConfigurationPlatforms) = postSolution
		{E1188810-64AB-4AC1-8583-53B18ED958E7}.Debug|Any CPU.ActiveCfg = Debug|Any CPU
		{E1188810-64AB-4AC1-8583-53B18ED958E7}.Debug|Any CPU.Build.0 = Debug|Any CPU
		{E1188810-64AB-4AC1-8583-53B18ED958E7}.Release|Any CPU.ActiveCfg = Release|Any CPU
		{E1188810-64AB-4AC1-8583-53B18ED958E7}.Release|Any CPU.Build.0 = Release|Any CPU
		{2D5A513F-9F65-4B8D-A15B-5201657EE178}.Debug|Any CPU.ActiveCfg = Debug|Any CPU
		{2D5A513F-9F65-4B8D-A15B-5201657EE178}.Debug|Any CPU.Build.0 = Debug|Any CPU
		{2D5A513F-9F65-4B8D-A15B-5201657EE178}.Release|Any CPU.ActiveCfg = Release|Any CPU
		{2D5A513F-9F65-4B8D-A15B-5201657EE178}.Release|Any CPU.Build.0 = Release|Any CPU
		{34105862-386F-4430-A32D-6943D8448CA0}.Debug|Any CPU.ActiveCfg = Debug|Any CPU
		{34105862-386F-4430-A32D-6943D8448CA0}.Debug|Any CPU.Build.0 = Debug|Any CPU
		{34105862-386F-4430-A32D-6943D8448CA0}.Release|Any CPU.ActiveCfg = Release|Any CPU
		{34105862-386F-4430-A32D-6943D8448CA0}.Release|Any CPU.Build.0 = Release|Any CPU
		{8E373AB8-3429-4DAD-964B-DAF2B377594F}.Debug|Any CPU.ActiveCfg = Debug|Any CPU
		{8E373AB8-3429-4DAD-964B-DAF2B377594F}.Debug|Any CPU.Build.0 = Debug|Any CPU
		{8E373AB8-3429-4DAD-964B-DAF2B377594F}.Release|Any CPU.ActiveCfg = Release|Any CPU
		{8E373AB8-3429-4DAD-964B-DAF2B377594F}.Release|Any CPU.Build.0 = Release|Any CPU
	EndGlobalSection
	GlobalSection(SolutionProperties) = preSolution
		HideSolutionNode = FALSE
	EndGlobalSection
	GlobalSection(ExtensibilityGlobals) = postSolution
		SolutionGuid = {B22D3C88-F844-443C-88FD-850E1487F4E5}
	EndGlobalSection
EndGlobal
